
Microsoft Visual Studio Solution File, Format Version 12.00
# Visual Studio Version 17
VisualStudioVersion = 17.7.34024.191
MinimumVisualStudioVersion = 10.0.40219.1
Project("{FAE04EC0-301F-11D3-BF4B-00C04F79EFBC}") = "A1KunjSanjaybhaiPrajapati", "A1KunjSanjaybhaiPrajapati\A1KunjSanjaybhaiPrajapati.csproj", "{D6134D0D-D4AF-4D20-A50B-0560C1B4D7A7}"
EndProject
Global
	GlobalSection(SolutionConfigurationPlatforms) = preSolution
		Debug|Any CPU = Debug|Any CPU
		Release|Any CPU = Release|Any CPU
	EndGlobalSection
	GlobalSection(ProjectConfigurationPlatforms) = postSolution
		{D6134D0D-D4AF-4D20-A50B-0560C1B4D7A7}.Debug|Any CPU.ActiveCfg = Debug|Any CPU
		{D6134D0D-D4AF-4D20-A50B-0560C1B4D7A7}.Debug|Any CPU.Build.0 = Debug|Any CPU
		{D6134D0D-D4AF-4D20-A50B-0560C1B4D7A7}.Release|Any CPU.ActiveCfg = Release|Any CPU
		{D6134D0D-D4AF-4D20-A50B-0560C1B4D7A7}.Release|Any CPU.Build.0 = Release|Any CPU
	EndGlobalSection
	GlobalSection(SolutionProperties) = preSolution
		HideSolutionNode = FALSE
	EndGlobalSection
	GlobalSection(ExtensibilityGlobals) = postSolution
		SolutionGuid = {0F081CAE-309F-4551-B576-726828A79D8D}
	EndGlobalSection
EndGlobal
